
Microsoft Visual Studio Solution File, Format Version 12.00
# Visual Studio 14
VisualStudioVersion = 14.0.25420.1
MinimumVisualStudioVersion = 10.0.40219.1
Project("{FAE04EC0-301F-11D3-BF4B-00C04F79EFBC}") = "PIWebAPILogReader", "PIWebAPILogReader\PIWebAPILogReader.csproj", "{EAEDA453-09BD-49F8-BFA9-7A40DCE2FD71}"
EndProject
Project("{FAE04EC0-301F-11D3-BF4B-00C04F79EFBC}") = "LogReaderTest", "LogReaderTest\LogReaderTest.csproj", "{3BB414B0-BB91-4246-8564-03920FF797B4}"
EndProject
Project("{FAE04EC0-301F-11D3-BF4B-00C04F79EFBC}") = "PIWebAPILogConsumer", "PIWebAPILogConsumer\PIWebAPILogConsumer.csproj", "{D56DAAD5-B99E-4773-A12F-61780844896E}"
EndProject
Project("{FAE04EC0-301F-11D3-BF4B-00C04F79EFBC}") = "PIWebAPILogClient", "PIWebAPILogClient\PIWebAPILogClient.csproj", "{CEB069F4-1D1A-4320-9389-7FEA6404FA7F}"
EndProject
Global
	GlobalSection(SolutionConfigurationPlatforms) = preSolution
		Debug|Any CPU = Debug|Any CPU
		Release|Any CPU = Release|Any CPU
	EndGlobalSection
	GlobalSection(ProjectConfigurationPlatforms) = postSolution
		{EAEDA453-09BD-49F8-BFA9-7A40DCE2FD71}.Debug|Any CPU.ActiveCfg = Debug|Any CPU
		{EAEDA453-09BD-49F8-BFA9-7A40DCE2FD71}.Debug|Any CPU.Build.0 = Debug|Any CPU
		{EAEDA453-09BD-49F8-BFA9-7A40DCE2FD71}.Release|Any CPU.ActiveCfg = Release|Any CPU
		{EAEDA453-09BD-49F8-BFA9-7A40DCE2FD71}.Release|Any CPU.Build.0 = Release|Any CPU
		{3BB414B0-BB91-4246-8564-03920FF797B4}.Debug|Any CPU.ActiveCfg = Debug|Any CPU
		{3BB414B0-BB91-4246-8564-03920FF797B4}.Debug|Any CPU.Build.0 = Debug|Any CPU
		{3BB414B0-BB91-4246-8564-03920FF797B4}.Release|Any CPU.ActiveCfg = Release|Any CPU
		{3BB414B0-BB91-4246-8564-03920FF797B4}.Release|Any CPU.Build.0 = Release|Any CPU
		{D56DAAD5-B99E-4773-A12F-61780844896E}.Debug|Any CPU.ActiveCfg = Debug|Any CPU
		{D56DAAD5-B99E-4773-A12F-61780844896E}.Debug|Any CPU.Build.0 = Debug|Any CPU
		{D56DAAD5-B99E-4773-A12F-61780844896E}.Release|Any CPU.ActiveCfg = Release|Any CPU
		{D56DAAD5-B99E-4773-A12F-61780844896E}.Release|Any CPU.Build.0 = Release|Any CPU
		{CEB069F4-1D1A-4320-9389-7FEA6404FA7F}.Debug|Any CPU.ActiveCfg = Debug|Any CPU
		{CEB069F4-1D1A-4320-9389-7FEA6404FA7F}.Debug|Any CPU.Build.0 = Debug|Any CPU
		{CEB069F4-1D1A-4320-9389-7FEA6404FA7F}.Release|Any CPU.ActiveCfg = Release|Any CPU
		{CEB069F4-1D1A-4320-9389-7FEA6404FA7F}.Release|Any CPU.Build.0 = Release|Any CPU
	EndGlobalSection
	GlobalSection(SolutionProperties) = preSolution
		HideSolutionNode = FALSE
	EndGlobalSection
EndGlobal
